
Microsoft Visual Studio Solution File, Format Version 12.00
# Visual Studio Version 17
VisualStudioVersion = 17.4.33103.184
MinimumVisualStudioVersion = 10.0.40219.1
Project("{FAE04EC0-301F-11D3-BF4B-00C04F79EFBC}") = "Ex02", "Ex02.csproj", "{02B356FB-577E-4B54-AFAF-378AF341A2E6}"
EndProject
Global
	GlobalSection(SolutionConfigurationPlatforms) = preSolution
		Debug|Any CPU = Debug|Any CPU
		Release|Any CPU = Release|Any CPU
	EndGlobalSection
	GlobalSection(ProjectConfigurationPlatforms) = postSolution
		{02B356FB-577E-4B54-AFAF-378AF341A2E6}.Debug|Any CPU.ActiveCfg = Debug|Any CPU
		{02B356FB-577E-4B54-AFAF-378AF341A2E6}.Debug|Any CPU.Build.0 = Debug|Any CPU
		{02B356FB-577E-4B54-AFAF-378AF341A2E6}.Release|Any CPU.ActiveCfg = Release|Any CPU
		{02B356FB-577E-4B54-AFAF-378AF341A2E6}.Release|Any CPU.Build.0 = Release|Any CPU
	EndGlobalSection
	GlobalSection(SolutionProperties) = preSolution
		HideSolutionNode = FALSE
	EndGlobalSection
	GlobalSection(ExtensibilityGlobals) = postSolution
		SolutionGuid = {B3B4382F-5F16-43A4-B23F-53133AD7D119}
	EndGlobalSection
EndGlobal
