
Microsoft Visual Studio Solution File, Format Version 12.00
# Visual Studio Version 17
VisualStudioVersion = 17.4.33103.184
MinimumVisualStudioVersion = 10.0.40219.1
Project("{FAE04EC0-301F-11D3-BF4B-00C04F79EFBC}") = "Ex17", "Ex17.csproj", "{19CE199B-9E9B-4F2F-B598-6E0C80A8D458}"
EndProject
Global
	GlobalSection(SolutionConfigurationPlatforms) = preSolution
		Debug|Any CPU = Debug|Any CPU
		Release|Any CPU = Release|Any CPU
	EndGlobalSection
	GlobalSection(ProjectConfigurationPlatforms) = postSolution
		{19CE199B-9E9B-4F2F-B598-6E0C80A8D458}.Debug|Any CPU.ActiveCfg = Debug|Any CPU
		{19CE199B-9E9B-4F2F-B598-6E0C80A8D458}.Debug|Any CPU.Build.0 = Debug|Any CPU
		{19CE199B-9E9B-4F2F-B598-6E0C80A8D458}.Release|Any CPU.ActiveCfg = Release|Any CPU
		{19CE199B-9E9B-4F2F-B598-6E0C80A8D458}.Release|Any CPU.Build.0 = Release|Any CPU
	EndGlobalSection
	GlobalSection(SolutionProperties) = preSolution
		HideSolutionNode = FALSE
	EndGlobalSection
	GlobalSection(ExtensibilityGlobals) = postSolution
		SolutionGuid = {4FC4FED9-7F8A-44CE-87F7-E6064459B9D0}
	EndGlobalSection
EndGlobal
