
Microsoft Visual Studio Solution File, Format Version 12.00
# Visual Studio Version 17
VisualStudioVersion = 17.4.33103.184
MinimumVisualStudioVersion = 10.0.40219.1
Project("{FAE04EC0-301F-11D3-BF4B-00C04F79EFBC}") = "Ex16", "Ex16.csproj", "{FFC588AC-77BF-4BCA-8DAE-036E106838A9}"
EndProject
Global
	GlobalSection(SolutionConfigurationPlatforms) = preSolution
		Debug|Any CPU = Debug|Any CPU
		Release|Any CPU = Release|Any CPU
	EndGlobalSection
	GlobalSection(ProjectConfigurationPlatforms) = postSolution
		{FFC588AC-77BF-4BCA-8DAE-036E106838A9}.Debug|Any CPU.ActiveCfg = Debug|Any CPU
		{FFC588AC-77BF-4BCA-8DAE-036E106838A9}.Debug|Any CPU.Build.0 = Debug|Any CPU
		{FFC588AC-77BF-4BCA-8DAE-036E106838A9}.Release|Any CPU.ActiveCfg = Release|Any CPU
		{FFC588AC-77BF-4BCA-8DAE-036E106838A9}.Release|Any CPU.Build.0 = Release|Any CPU
	EndGlobalSection
	GlobalSection(SolutionProperties) = preSolution
		HideSolutionNode = FALSE
	EndGlobalSection
	GlobalSection(ExtensibilityGlobals) = postSolution
		SolutionGuid = {4954596E-3CF3-475D-907A-54A4238CD0DB}
	EndGlobalSection
EndGlobal
