
Microsoft Visual Studio Solution File, Format Version 12.00
# Visual Studio Version 17
VisualStudioVersion = 17.4.33103.184
MinimumVisualStudioVersion = 10.0.40219.1
Project("{FAE04EC0-301F-11D3-BF4B-00C04F79EFBC}") = "ConsoleApp1", "ConsoleApp1.csproj", "{84D24F2B-1D08-41DF-B189-61DEC0873CB0}"
EndProject
Global
	GlobalSection(SolutionConfigurationPlatforms) = preSolution
		Debug|Any CPU = Debug|Any CPU
		Release|Any CPU = Release|Any CPU
	EndGlobalSection
	GlobalSection(ProjectConfigurationPlatforms) = postSolution
		{84D24F2B-1D08-41DF-B189-61DEC0873CB0}.Debug|Any CPU.ActiveCfg = Debug|Any CPU
		{84D24F2B-1D08-41DF-B189-61DEC0873CB0}.Debug|Any CPU.Build.0 = Debug|Any CPU
		{84D24F2B-1D08-41DF-B189-61DEC0873CB0}.Release|Any CPU.ActiveCfg = Release|Any CPU
		{84D24F2B-1D08-41DF-B189-61DEC0873CB0}.Release|Any CPU.Build.0 = Release|Any CPU
	EndGlobalSection
	GlobalSection(SolutionProperties) = preSolution
		HideSolutionNode = FALSE
	EndGlobalSection
	GlobalSection(ExtensibilityGlobals) = postSolution
		SolutionGuid = {2ADA49E3-2DA0-4901-A9C5-59016F6886F0}
	EndGlobalSection
EndGlobal
