
Microsoft Visual Studio Solution File, Format Version 12.00
# Visual Studio Version 17
VisualStudioVersion = 17.1.32228.430
MinimumVisualStudioVersion = 10.0.40219.1
Project("{FAE04EC0-301F-11D3-BF4B-00C04F79EFBC}") = "Ex12", "Ex12\Ex12.csproj", "{AFDFA6ED-8F6F-4AB0-8964-4F9BB7880B7F}"
EndProject
Global
	GlobalSection(SolutionConfigurationPlatforms) = preSolution
		Debug|Any CPU = Debug|Any CPU
		Release|Any CPU = Release|Any CPU
	EndGlobalSection
	GlobalSection(ProjectConfigurationPlatforms) = postSolution
		{AFDFA6ED-8F6F-4AB0-8964-4F9BB7880B7F}.Debug|Any CPU.ActiveCfg = Debug|Any CPU
		{AFDFA6ED-8F6F-4AB0-8964-4F9BB7880B7F}.Debug|Any CPU.Build.0 = Debug|Any CPU
		{AFDFA6ED-8F6F-4AB0-8964-4F9BB7880B7F}.Release|Any CPU.ActiveCfg = Release|Any CPU
		{AFDFA6ED-8F6F-4AB0-8964-4F9BB7880B7F}.Release|Any CPU.Build.0 = Release|Any CPU
	EndGlobalSection
	GlobalSection(SolutionProperties) = preSolution
		HideSolutionNode = FALSE
	EndGlobalSection
	GlobalSection(ExtensibilityGlobals) = postSolution
		SolutionGuid = {7BEFEB5D-7F49-4D9F-9FE0-3A57D434FAB1}
	EndGlobalSection
EndGlobal
