
Microsoft Visual Studio Solution File, Format Version 12.00
# Visual Studio Version 17
VisualStudioVersion = 17.1.32228.430
MinimumVisualStudioVersion = 10.0.40219.1
Project("{FAE04EC0-301F-11D3-BF4B-00C04F79EFBC}") = "Ex10", "Ex10\Ex10.csproj", "{B334985D-6F7F-4EDA-9D8F-B52B35A045DD}"
EndProject
Global
	GlobalSection(SolutionConfigurationPlatforms) = preSolution
		Debug|Any CPU = Debug|Any CPU
		Release|Any CPU = Release|Any CPU
	EndGlobalSection
	GlobalSection(ProjectConfigurationPlatforms) = postSolution
		{B334985D-6F7F-4EDA-9D8F-B52B35A045DD}.Debug|Any CPU.ActiveCfg = Debug|Any CPU
		{B334985D-6F7F-4EDA-9D8F-B52B35A045DD}.Debug|Any CPU.Build.0 = Debug|Any CPU
		{B334985D-6F7F-4EDA-9D8F-B52B35A045DD}.Release|Any CPU.ActiveCfg = Release|Any CPU
		{B334985D-6F7F-4EDA-9D8F-B52B35A045DD}.Release|Any CPU.Build.0 = Release|Any CPU
	EndGlobalSection
	GlobalSection(SolutionProperties) = preSolution
		HideSolutionNode = FALSE
	EndGlobalSection
	GlobalSection(ExtensibilityGlobals) = postSolution
		SolutionGuid = {83D4713D-CF9D-4D70-9BCF-690C1E40FE20}
	EndGlobalSection
EndGlobal
