
Microsoft Visual Studio Solution File, Format Version 12.00
# Visual Studio Version 17
VisualStudioVersion = 17.4.33103.184
MinimumVisualStudioVersion = 10.0.40219.1
Project("{FAE04EC0-301F-11D3-BF4B-00C04F79EFBC}") = "Ex09", "Ex09.csproj", "{2AFEECD1-26EF-4C65-9B8E-39ADD8FB2796}"
EndProject
Global
	GlobalSection(SolutionConfigurationPlatforms) = preSolution
		Debug|Any CPU = Debug|Any CPU
		Release|Any CPU = Release|Any CPU
	EndGlobalSection
	GlobalSection(ProjectConfigurationPlatforms) = postSolution
		{2AFEECD1-26EF-4C65-9B8E-39ADD8FB2796}.Debug|Any CPU.ActiveCfg = Debug|Any CPU
		{2AFEECD1-26EF-4C65-9B8E-39ADD8FB2796}.Debug|Any CPU.Build.0 = Debug|Any CPU
		{2AFEECD1-26EF-4C65-9B8E-39ADD8FB2796}.Release|Any CPU.ActiveCfg = Release|Any CPU
		{2AFEECD1-26EF-4C65-9B8E-39ADD8FB2796}.Release|Any CPU.Build.0 = Release|Any CPU
	EndGlobalSection
	GlobalSection(SolutionProperties) = preSolution
		HideSolutionNode = FALSE
	EndGlobalSection
	GlobalSection(ExtensibilityGlobals) = postSolution
		SolutionGuid = {A019DC7E-79BA-430A-9CB0-59463E586B5D}
	EndGlobalSection
EndGlobal
